
Microsoft Visual Studio Solution File, Format Version 12.00
# Visual Studio Version 17
VisualStudioVersion = 17.3.32811.315
MinimumVisualStudioVersion = 10.0.40219.1
Project("{9A19103F-16F7-4668-BE54-9A1E7A4F7556}") = "Restaurant", "Restaurant\Restaurant.csproj", "{058525E2-F138-4C71-A518-B8D73FE43109}"
EndProject
Project("{2150E333-8FDC-42A3-9474-1A3956D46DE8}") = "Domain", "Domain", "{627DF204-D22D-4ED6-8F96-2769A67150F0}"
EndProject
Project("{9A19103F-16F7-4668-BE54-9A1E7A4F7556}") = "Restaurant.Domain", "Restaurant.Domain\Restaurant.Domain.csproj", "{3FF5044F-2F0F-4B8F-9C5E-629D8C8495CA}"
EndProject
Project("{2150E333-8FDC-42A3-9474-1A3956D46DE8}") = "Solution Items", "Solution Items", "{877FF1B7-E4BD-4B90-8A87-FB318179F974}"
	ProjectSection(SolutionItems) = preProject
		.editorconfig = .editorconfig
	EndProjectSection
EndProject
Project("{2150E333-8FDC-42A3-9474-1A3956D46DE8}") = "DAL", "DAL", "{1B8275EB-DD8E-4E61-8AAF-B453CCACCCE6}"
EndProject
Project("{9A19103F-16F7-4668-BE54-9A1E7A4F7556}") = "Restaurant.DAL", "Restaurant.DAL\Restaurant.DAL.csproj", "{C65EC16F-1C7B-42E3-B84A-25059855DD0F}"
EndProject
Project("{2150E333-8FDC-42A3-9474-1A3956D46DE8}") = "Tests", "Tests", "{EDE7BD34-56CB-4A47-8B2E-DC5612E49075}"
EndProject
Project("{9A19103F-16F7-4668-BE54-9A1E7A4F7556}") = "Restaurant.Tests", "Restaurant.Tests\Restaurant.Tests.csproj", "{45FB9DFF-AE29-4AF3-84D3-3412A9E39FA3}"
EndProject
Project("{2150E333-8FDC-42A3-9474-1A3956D46DE8}") = "Service", "Service", "{65DF97D6-B0CD-4A45-B8DB-3DB17913783E}"
EndProject
Project("{FAE04EC0-301F-11D3-BF4B-00C04F79EFBC}") = "Restaurant.Service", "Restaurant.Service\Restaurant.Service.csproj", "{C3501437-7FD6-4ABD-9B49-9BD132555ADC}"
EndProject
Global
	GlobalSection(SolutionConfigurationPlatforms) = preSolution
		Debug|Any CPU = Debug|Any CPU
		Release|Any CPU = Release|Any CPU
	EndGlobalSection
	GlobalSection(ProjectConfigurationPlatforms) = postSolution
		{058525E2-F138-4C71-A518-B8D73FE43109}.Debug|Any CPU.ActiveCfg = Debug|Any CPU
		{058525E2-F138-4C71-A518-B8D73FE43109}.Debug|Any CPU.Build.0 = Debug|Any CPU
		{058525E2-F138-4C71-A518-B8D73FE43109}.Release|Any CPU.ActiveCfg = Release|Any CPU
		{058525E2-F138-4C71-A518-B8D73FE43109}.Release|Any CPU.Build.0 = Release|Any CPU
		{3FF5044F-2F0F-4B8F-9C5E-629D8C8495CA}.Debug|Any CPU.ActiveCfg = Debug|Any CPU
		{3FF5044F-2F0F-4B8F-9C5E-629D8C8495CA}.Debug|Any CPU.Build.0 = Debug|Any CPU
		{3FF5044F-2F0F-4B8F-9C5E-629D8C8495CA}.Release|Any CPU.ActiveCfg = Release|Any CPU
		{3FF5044F-2F0F-4B8F-9C5E-629D8C8495CA}.Release|Any CPU.Build.0 = Release|Any CPU
		{C65EC16F-1C7B-42E3-B84A-25059855DD0F}.Debug|Any CPU.ActiveCfg = Debug|Any CPU
		{C65EC16F-1C7B-42E3-B84A-25059855DD0F}.Debug|Any CPU.Build.0 = Debug|Any CPU
		{C65EC16F-1C7B-42E3-B84A-25059855DD0F}.Release|Any CPU.ActiveCfg = Release|Any CPU
		{C65EC16F-1C7B-42E3-B84A-25059855DD0F}.Release|Any CPU.Build.0 = Release|Any CPU
		{45FB9DFF-AE29-4AF3-84D3-3412A9E39FA3}.Debug|Any CPU.ActiveCfg = Debug|Any CPU
		{45FB9DFF-AE29-4AF3-84D3-3412A9E39FA3}.Debug|Any CPU.Build.0 = Debug|Any CPU
		{45FB9DFF-AE29-4AF3-84D3-3412A9E39FA3}.Release|Any CPU.ActiveCfg = Release|Any CPU
		{45FB9DFF-AE29-4AF3-84D3-3412A9E39FA3}.Release|Any CPU.Build.0 = Release|Any CPU
		{C3501437-7FD6-4ABD-9B49-9BD132555ADC}.Debug|Any CPU.ActiveCfg = Debug|Any CPU
		{C3501437-7FD6-4ABD-9B49-9BD132555ADC}.Debug|Any CPU.Build.0 = Debug|Any CPU
		{C3501437-7FD6-4ABD-9B49-9BD132555ADC}.Release|Any CPU.ActiveCfg = Release|Any CPU
		{C3501437-7FD6-4ABD-9B49-9BD132555ADC}.Release|Any CPU.Build.0 = Release|Any CPU
	EndGlobalSection
	GlobalSection(SolutionProperties) = preSolution
		HideSolutionNode = FALSE
	EndGlobalSection
	GlobalSection(NestedProjects) = preSolution
		{3FF5044F-2F0F-4B8F-9C5E-629D8C8495CA} = {627DF204-D22D-4ED6-8F96-2769A67150F0}
		{C65EC16F-1C7B-42E3-B84A-25059855DD0F} = {1B8275EB-DD8E-4E61-8AAF-B453CCACCCE6}
		{45FB9DFF-AE29-4AF3-84D3-3412A9E39FA3} = {EDE7BD34-56CB-4A47-8B2E-DC5612E49075}
		{C3501437-7FD6-4ABD-9B49-9BD132555ADC} = {65DF97D6-B0CD-4A45-B8DB-3DB17913783E}
	EndGlobalSection
	GlobalSection(ExtensibilityGlobals) = postSolution
		SolutionGuid = {4AF502D8-E486-4238-80E1-5CD782B53C30}
	EndGlobalSection
EndGlobal
